<?xml version="1.0" encoding="utf-8"?>
<Project ToolsVersion="4.0" xmlns="http://schemas.microsoft.com/developer/msbuild/2003">
  <ItemGroup>
    <Filter Include="ソース ファイル">
      <UniqueIdentifier>{4FC737F1-C7A5-4376-A066-2A32D752A2FF}</UniqueIdentifier>
      <Extensions>cpp;c;cc;cxx;c++;cppm;ixx;def;odl;idl;hpj;bat;asm;asmx</Extensions>
    </Filter>
    <Filter Include="ヘッダー ファイル">
      <UniqueIdentifier>{93995380-89BD-4b04-88EB-625FBE52EBFB}</UniqueIdentifier>
      <Extensions>h;hh;hpp;hxx;h++;hm;inl;inc;ipp;xsd</Extensions>
    </Filter>
    <Filter Include="Shader">
      <UniqueIdentifier>{64167f85-a8cd-4567-90a7-df2d0873a9cc}</UniqueIdentifier>
    </Filter>
    <Filter Include="Shader\2d">
      <UniqueIdentifier>{16b7213b-4241-449e-9d1a-eb0e9a6ff2e1}</UniqueIdentifier>
    </Filter>
    <Filter Include="Shader\3d">
      <UniqueIdentifier>{509cd823-b63f-4fde-88cd-4de4d786dd5d}</UniqueIdentifier>
    </Filter>
    <Filter Include="Shader\PostEffect">
      <UniqueIdentifier>{43fc11b1-2926-41f8-8a3c-aa3cd274a5d2}</UniqueIdentifier>
    </Filter>
    <Filter Include="Shader\Particle">
      <UniqueIdentifier>{496a4138-bfff-47ec-93ef-b4bb85e62bea}</UniqueIdentifier>
    </Filter>
  </ItemGroup>
  <ItemGroup>
    <ClCompile Include="MyGame.cpp">
      <Filter>ソース ファイル</Filter>
    </ClCompile>
    <ClCompile Include="main.cpp" />
    <ClCompile Include="scene\SceneFactory.cpp">
      <Filter>ソース ファイル</Filter>
    </ClCompile>
    <ClCompile Include="scene\TitleScene.cpp">
      <Filter>ソース ファイル</Filter>
    </ClCompile>
    <ClCompile Include="scene\GameScene.cpp">
      <Filter>ソース ファイル</Filter>
    </ClCompile>
    <ClCompile Include="scene\SampleScene.cpp">
      <Filter>ソース ファイル</Filter>
    </ClCompile>
  </ItemGroup>
  <ItemGroup>
    <ClInclude Include="MyGame.h">
      <Filter>ヘッダー ファイル</Filter>
    </ClInclude>
    <ClInclude Include="scene\GameScene.h">
      <Filter>ヘッダー ファイル</Filter>
    </ClInclude>
    <ClInclude Include="scene\SceneFactory.h">
      <Filter>ヘッダー ファイル</Filter>
    </ClInclude>
    <ClInclude Include="scene\TitleScene.h">
      <Filter>ヘッダー ファイル</Filter>
    </ClInclude>
    <ClInclude Include="scene\SampleScene.h">
      <Filter>ヘッダー ファイル</Filter>
    </ClInclude>
  </ItemGroup>
  <ItemGroup>
    <FxCompile Include="resources\shaders\2D.VS.hlsl">
      <Filter>Shader\2d</Filter>
    </FxCompile>
    <FxCompile Include="resources\shaders\2D.PS.hlsl">
      <Filter>Shader\2d</Filter>
    </FxCompile>
    <FxCompile Include="resources\shaders\Sprite.PS.hlsl">
      <Filter>Shader\2d</Filter>
    </FxCompile>
    <FxCompile Include="resources\shaders\Sprite.VS.hlsl">
      <Filter>Shader\2d</Filter>
    </FxCompile>
    <FxCompile Include="resources\shaders\Object3d.PS.hlsl">
      <Filter>Shader\3d</Filter>
    </FxCompile>
    <FxCompile Include="resources\shaders\Object3D.VS.hlsl">
      <Filter>Shader\3d</Filter>
    </FxCompile>
    <FxCompile Include="resources\shaders\NoTex.PS.hlsl">
      <Filter>Shader\3d</Filter>
    </FxCompile>
    <FxCompile Include="resources\shaders\NoTex.VS.hlsl">
      <Filter>Shader\3d</Filter>
    </FxCompile>
    <FxCompile Include="resources\shaders\Bloom.PS.hlsl">
      <Filter>Shader\PostEffect</Filter>
    </FxCompile>
    <FxCompile Include="resources\shaders\BloomFog.PS.hlsl">
      <Filter>Shader\PostEffect</Filter>
    </FxCompile>
    <FxCompile Include="resources\shaders\FullScreen.VS.hlsl">
      <Filter>Shader\PostEffect</Filter>
    </FxCompile>
    <FxCompile Include="resources\shaders\GrayScale.PS.hlsl">
      <Filter>Shader\PostEffect</Filter>
    </FxCompile>
    <FxCompile Include="resources\shaders\NoEffect.PS.hlsl">
      <Filter>Shader\PostEffect</Filter>
    </FxCompile>
    <FxCompile Include="resources\shaders\Vignette.PS.hlsl">
      <Filter>Shader\PostEffect</Filter>
    </FxCompile>
    <FxCompile Include="resources\shaders\VignetteRed.PS.hlsl">
      <Filter>Shader\PostEffect</Filter>
    </FxCompile>
    <FxCompile Include="resources\shaders\VignetteRedBloom.PS.hlsl">
      <Filter>Shader\PostEffect</Filter>
    </FxCompile>
    <FxCompile Include="resources\shaders\VigRedGrayScale.PS.hlsl">
      <Filter>Shader\PostEffect</Filter>
    </FxCompile>
    <FxCompile Include="resources\shaders\Skinning.CS.hlsl">
      <Filter>Shader\3d</Filter>
    </FxCompile>
    <FxCompile Include="resources\shaders\SkinningObject3d.VS.hlsl">
      <Filter>Shader\3d</Filter>
    </FxCompile>
    <FxCompile Include="resources\shaders\InitParticle.CS.hlsl">
      <Filter>Shader\Particle</Filter>
    </FxCompile>
    <FxCompile Include="resources\shaders\Particle.PS.hlsl">
      <Filter>Shader\Particle</Filter>
    </FxCompile>
    <FxCompile Include="resources\shaders\Particle.VS.hlsl">
      <Filter>Shader\Particle</Filter>
    </FxCompile>
    <FxCompile Include="resources\shaders\GPUParticle.VS.hlsl">
      <Filter>Shader\Particle</Filter>
    </FxCompile>
    <FxCompile Include="resources\shaders\GPUParticle.PS.hlsl">
      <Filter>Shader\Particle</Filter>
    </FxCompile>
    <FxCompile Include="resources\shaders\EmitParticle.CS.hlsl">
      <Filter>Shader\Particle</Filter>
    </FxCompile>
    <FxCompile Include="resources\shaders\UpdateParticle.CS.hlsl">
      <Filter>Shader\Particle</Filter>
    </FxCompile>
    <FxCompile Include="resources\shaders\Composite.PS.hlsl">
      <Filter>Shader\PostEffect</Filter>
    </FxCompile>
    <FxCompile Include="resources\shaders\RadialBlur.PS.hlsl">
      <Filter>Shader\PostEffect</Filter>
    </FxCompile>
    <FxCompile Include="resources\shaders\SkyBox.PS.hlsl">
      <Filter>Shader\3d</Filter>
    </FxCompile>
    <FxCompile Include="resources\shaders\SkyBox.VS.hlsl">
      <Filter>Shader\3d</Filter>
    </FxCompile>
    <FxCompile Include="resources\shaders\ThresholdExtract.PS.hlsl">
      <Filter>Shader\PostEffect</Filter>
    </FxCompile>
    <FxCompile Include="resources\shaders\GaussianBlur.PS.hlsl">
      <Filter>Shader\PostEffect</Filter>
    </FxCompile>
    <FxCompile Include="resources\shaders\BloomCombine.PS.hlsl">
      <Filter>Shader\PostEffect</Filter>
    </FxCompile>
    <FxCompile Include="resources\shaders\BWFilter.PS.hlsl">
      <Filter>Shader\PostEffect</Filter>
    </FxCompile>
    <FxCompile Include="resources\shaders\RGBSplit.PS.hlsl">
      <Filter>Shader\PostEffect</Filter>
    </FxCompile>
    <FxCompile Include="resources\shaders\LuminanceBasedOutline.PS.hlsl">
      <Filter>Shader\PostEffect</Filter>
    </FxCompile>
  </ItemGroup>
  <ItemGroup>
    <None Include="resources\shaders\Object3d.hlsli">
      <Filter>Shader\3d</Filter>
    </None>
    <None Include="resources\shaders\Sprite.hlsli">
      <Filter>Shader\2d</Filter>
    </None>
    <None Include="resources\shaders\NoTex.hlsli">
      <Filter>Shader\3d</Filter>
    </None>
    <None Include="resources\shaders\FullScreen.hlsli">
      <Filter>Shader\PostEffect</Filter>
    </None>
    <None Include="resources\shaders\Particle.hlsli">
      <Filter>Shader\Particle</Filter>
    </None>
    <None Include="resources\shaders\Random.hlsli">
      <Filter>Shader</Filter>
    </None>
    <None Include="resources\shaders\SkyBox.hlsli">
      <Filter>Shader\3d</Filter>
    </None>
  </ItemGroup>
</Project>