<?xml version="1.0" encoding="utf-8"?>
<Project ToolsVersion="4.0" xmlns="http://schemas.microsoft.com/developer/msbuild/2003">
  <ItemGroup>
    <Filter Include="2d">
      <UniqueIdentifier>{96a37cec-2159-4694-b32f-d49c81cbfbd5}</UniqueIdentifier>
    </Filter>
    <Filter Include="3d">
      <UniqueIdentifier>{0d51259c-cf7e-4633-b946-e7164686d5e8}</UniqueIdentifier>
    </Filter>
    <Filter Include="audio">
      <UniqueIdentifier>{e1c36650-29eb-4114-ab62-f4535a3c1ff5}</UniqueIdentifier>
    </Filter>
    <Filter Include="effect">
      <UniqueIdentifier>{c5a029d3-ed5d-4985-b29d-9cab459f774c}</UniqueIdentifier>
    </Filter>
    <Filter Include="func">
      <UniqueIdentifier>{98a97f5d-4e54-43de-b891-1dc8793455ad}</UniqueIdentifier>
    </Filter>
    <Filter Include="func\commonFunc">
      <UniqueIdentifier>{752e0f72-e126-418f-9238-dd325adc39a6}</UniqueIdentifier>
    </Filter>
    <Filter Include="func\MathFunc">
      <UniqueIdentifier>{4e17c94d-bb9c-468a-93ef-aabc256dac6d}</UniqueIdentifier>
    </Filter>
    <Filter Include="imgui">
      <UniqueIdentifier>{ecb11b3b-61d3-4e46-bdad-993c65b124f5}</UniqueIdentifier>
    </Filter>
    <Filter Include="io">
      <UniqueIdentifier>{74179b12-85b4-4eb7-b784-d94b559d9293}</UniqueIdentifier>
    </Filter>
    <Filter Include="math">
      <UniqueIdentifier>{90ed12b1-d376-4b19-b4fb-168c6be4949a}</UniqueIdentifier>
    </Filter>
    <Filter Include="scene">
      <UniqueIdentifier>{8ac9a00b-0187-4fcf-87ab-9caa7503f86f}</UniqueIdentifier>
    </Filter>
    <Filter Include="time">
      <UniqueIdentifier>{82f0a61f-51b5-420c-b928-570308f740dd}</UniqueIdentifier>
    </Filter>
    <Filter Include="effect\Particle">
      <UniqueIdentifier>{f27ead38-a954-4a6d-90db-60ec2aa89ebb}</UniqueIdentifier>
    </Filter>
    <Filter Include="effect\Particle\Emitter">
      <UniqueIdentifier>{c6bddca8-d205-4146-b590-37ba9f6556a0}</UniqueIdentifier>
    </Filter>
    <Filter Include="effect\PostEffect">
      <UniqueIdentifier>{eb1443d2-13b9-455a-bd1f-aaae4a057d07}</UniqueIdentifier>
    </Filter>
    <Filter Include="base">
      <UniqueIdentifier>{df44120a-7912-46ec-b7f6-07f2eca7766c}</UniqueIdentifier>
    </Filter>
    <Filter Include="base\DX12">
      <UniqueIdentifier>{490ed4b9-7dfe-4558-9e4b-941c092d8a86}</UniqueIdentifier>
    </Filter>
    <Filter Include="collision">
      <UniqueIdentifier>{dc286759-00b1-48d2-835f-d346b9dddb34}</UniqueIdentifier>
    </Filter>
    <Filter Include="debug">
      <UniqueIdentifier>{caa58604-08e6-4299-a628-a5eb7e285681}</UniqueIdentifier>
    </Filter>
    <Filter Include="scene\transition">
      <UniqueIdentifier>{3af8577c-5872-4f00-8eb0-c08d47e87d92}</UniqueIdentifier>
    </Filter>
    <Filter Include="3d\Camera">
      <UniqueIdentifier>{6ac3b598-b434-4796-84ea-36a09dcc0221}</UniqueIdentifier>
    </Filter>
    <Filter Include="3d\Object">
      <UniqueIdentifier>{1ae13524-d406-4dc8-930c-f0a4fddae8d2}</UniqueIdentifier>
    </Filter>
    <Filter Include="3d\Model">
      <UniqueIdentifier>{ebdaaf93-3b20-4480-ac57-572dcabcc34f}</UniqueIdentifier>
    </Filter>
    <Filter Include="3d\Shadow">
      <UniqueIdentifier>{ffda1915-99cf-42d4-90ba-4dbc59b3e8a5}</UniqueIdentifier>
    </Filter>
    <Filter Include="3d\Light">
      <UniqueIdentifier>{56c2569e-9a6e-41da-8cb0-b28137fbdd12}</UniqueIdentifier>
    </Filter>
    <Filter Include="3d\SkyBox">
      <UniqueIdentifier>{7c6d8bc5-1c55-4022-97c9-a2419ba7e962}</UniqueIdentifier>
    </Filter>
    <Filter Include="3d\Decal">
      <UniqueIdentifier>{58048fd3-d745-46e3-ae80-74d9ec044fb2}</UniqueIdentifier>
    </Filter>
  </ItemGroup>
  <ItemGroup>
    <ClCompile Include="engine\func\mathFunc\Mat4x4Func.cpp">
      <Filter>func\MathFunc</Filter>
    </ClCompile>
    <ClCompile Include="engine\func\mathFunc\Vec3Func.cpp">
      <Filter>func\MathFunc</Filter>
    </ClCompile>
    <ClCompile Include="engine\2d\Sprite.cpp">
      <Filter>2d</Filter>
    </ClCompile>
    <ClCompile Include="engine\2d\SpriteBasic.cpp">
      <Filter>2d</Filter>
    </ClCompile>
    <ClCompile Include="engine\2d\TextureManager.cpp">
      <Filter>2d</Filter>
    </ClCompile>
    <ClCompile Include="engine\base\DX12\D3DResourceLeakChecker.cpp">
      <Filter>base\DX12</Filter>
    </ClCompile>
    <ClCompile Include="engine\base\DX12\DX12Basic.cpp">
      <Filter>base\DX12</Filter>
    </ClCompile>
    <ClCompile Include="engine\base\WinApp.cpp">
      <Filter>base</Filter>
    </ClCompile>
    <ClCompile Include="engine\io\Input.cpp">
      <Filter>io</Filter>
    </ClCompile>
    <ClCompile Include="engine\func\commonFunc\Logger.cpp">
      <Filter>func\commonFunc</Filter>
    </ClCompile>
    <ClCompile Include="engine\func\commonFunc\StringUtility.cpp">
      <Filter>func\commonFunc</Filter>
    </ClCompile>
    <ClCompile Include="engine\base\DX12\SrvManager.cpp">
      <Filter>base\DX12</Filter>
    </ClCompile>
    <ClCompile Include="engine\imgui\ImGuiManager.cpp">
      <Filter>imgui</Filter>
    </ClCompile>
    <ClCompile Include="engine\audio\Audio.cpp">
      <Filter>audio</Filter>
    </ClCompile>
    <ClCompile Include="engine\base\TakoFramework.cpp">
      <Filter>base</Filter>
    </ClCompile>
    <ClCompile Include="engine\scene\SceneManager.cpp">
      <Filter>scene</Filter>
    </ClCompile>
    <ClCompile Include="engine\2d\Draw2D.cpp">
      <Filter>2d</Filter>
    </ClCompile>
    <ClCompile Include="engine\func\mathFunc\QuatFunc.cpp">
      <Filter>func\MathFunc</Filter>
    </ClCompile>
    <ClCompile Include="engine\time\FrameTimer.cpp">
      <Filter>time</Filter>
    </ClCompile>
    <ClCompile Include="engine\io\SceneLoader.cpp">
      <Filter>io</Filter>
    </ClCompile>
    <ClCompile Include="engine\collision\AABBCollider.cpp">
      <Filter>collision</Filter>
    </ClCompile>
    <ClCompile Include="engine\collision\Collider.cpp">
      <Filter>collision</Filter>
    </ClCompile>
    <ClCompile Include="engine\collision\CollisionManager.cpp">
      <Filter>collision</Filter>
    </ClCompile>
    <ClCompile Include="engine\collision\SphereCollider.cpp">
      <Filter>collision</Filter>
    </ClCompile>
    <ClCompile Include="engine\collision\OBBCollider.cpp">
      <Filter>collision</Filter>
    </ClCompile>
    <ClCompile Include="engine\debug\DebugUIManager.cpp">
      <Filter>debug</Filter>
    </ClCompile>
    <ClCompile Include="engine\debug\DebugUIManagerParticleEditor.cpp">
      <Filter>debug</Filter>
    </ClCompile>
    <ClCompile Include="engine\scene\transition\ScaleTransition.cpp">
      <Filter>scene\transition</Filter>
    </ClCompile>
    <ClCompile Include="engine\scene\transition\FadeTransition.cpp">
      <Filter>scene\transition</Filter>
    </ClCompile>
    <ClCompile Include="engine\scene\TransitionManager.cpp">
      <Filter>scene\transition</Filter>
    </ClCompile>
    <ClCompile Include="engine\math\RandomEngine.cpp">
      <Filter>math</Filter>
    </ClCompile>
    <ClCompile Include="engine\3d\Camera\Camera.cpp">
      <Filter>3d\Camera</Filter>
    </ClCompile>
    <ClCompile Include="engine\3d\Object\InstancedObject3d.cpp">
      <Filter>3d\Object</Filter>
    </ClCompile>
    <ClCompile Include="engine\3d\Object\Object3d.cpp">
      <Filter>3d\Object</Filter>
    </ClCompile>
    <ClCompile Include="engine\3d\Object\Object3dBasic.cpp">
      <Filter>3d\Object</Filter>
    </ClCompile>
    <ClCompile Include="engine\3d\Model\Mesh.cpp">
      <Filter>3d\Model</Filter>
    </ClCompile>
    <ClCompile Include="engine\3d\Model\Model.cpp">
      <Filter>3d\Model</Filter>
    </ClCompile>
    <ClCompile Include="engine\3d\Model\ModelBasic.cpp">
      <Filter>3d\Model</Filter>
    </ClCompile>
    <ClCompile Include="engine\3d\Model\ModelManager.cpp">
      <Filter>3d\Model</Filter>
    </ClCompile>
    <ClCompile Include="engine\3d\Shadow\ShadowRenderer.cpp">
      <Filter>3d\Shadow</Filter>
    </ClCompile>
    <ClCompile Include="engine\3d\Shadow\ShadowMap.cpp">
      <Filter>3d\Shadow</Filter>
    </ClCompile>
    <ClCompile Include="engine\3d\Light\Light.cpp">
      <Filter>3d\Light</Filter>
    </ClCompile>
    <ClCompile Include="engine\3d\SkyBox\SkyBox.cpp">
      <Filter>3d\SkyBox</Filter>
    </ClCompile>
    <ClCompile Include="engine\effect\Particle\BoxEmitter.cpp">
      <Filter>effect\Particle\Emitter</Filter>
    </ClCompile>
    <ClCompile Include="engine\effect\Particle\EmitterManager.cpp">
      <Filter>effect\Particle\Emitter</Filter>
    </ClCompile>
    <ClCompile Include="engine\effect\Particle\GPUParticleEmitter.cpp">
      <Filter>effect\Particle\Emitter</Filter>
    </ClCompile>
    <ClCompile Include="engine\effect\Particle\SphereEmitter.cpp">
      <Filter>effect\Particle\Emitter</Filter>
    </ClCompile>
    <ClCompile Include="engine\effect\Particle\TriangleEmitter.cpp">
      <Filter>effect\Particle\Emitter</Filter>
    </ClCompile>
    <ClCompile Include="engine\effect\Particle\GPUParticle.cpp">
      <Filter>effect\Particle</Filter>
    </ClCompile>
    <ClCompile Include="engine\effect\PostEffect\Bloom.cpp">
      <Filter>effect\PostEffect</Filter>
    </ClCompile>
    <ClCompile Include="engine\effect\PostEffect\BWFilter.cpp">
      <Filter>effect\PostEffect</Filter>
    </ClCompile>
    <ClCompile Include="engine\effect\PostEffect\DepthBasedOutline.cpp">
      <Filter>effect\PostEffect</Filter>
    </ClCompile>
    <ClCompile Include="engine\effect\PostEffect\Dissolve.cpp">
      <Filter>effect\PostEffect</Filter>
    </ClCompile>
    <ClCompile Include="engine\effect\PostEffect\Fog.cpp">
      <Filter>effect\PostEffect</Filter>
    </ClCompile>
    <ClCompile Include="engine\effect\PostEffect\GaussianBlur.cpp">
      <Filter>effect\PostEffect</Filter>
    </ClCompile>
    <ClCompile Include="engine\effect\PostEffect\GrayScale.cpp">
      <Filter>effect\PostEffect</Filter>
    </ClCompile>
    <ClCompile Include="engine\effect\PostEffect\HalfTone.cpp">
      <Filter>effect\PostEffect</Filter>
    </ClCompile>
    <ClCompile Include="engine\effect\PostEffect\IPostEffect.cpp">
      <Filter>effect\PostEffect</Filter>
    </ClCompile>
    <ClCompile Include="engine\effect\PostEffect\LuminanceBasedOutline.cpp">
      <Filter>effect\PostEffect</Filter>
    </ClCompile>
    <ClCompile Include="engine\effect\PostEffect\NoEffect.cpp">
      <Filter>effect\PostEffect</Filter>
    </ClCompile>
    <ClCompile Include="engine\effect\PostEffect\PostEffectManager.cpp">
      <Filter>effect\PostEffect</Filter>
    </ClCompile>
    <ClCompile Include="engine\effect\PostEffect\RadialBlur.cpp">
      <Filter>effect\PostEffect</Filter>
    </ClCompile>
    <ClCompile Include="engine\effect\PostEffect\RGBSplit.cpp">
      <Filter>effect\PostEffect</Filter>
    </ClCompile>
    <ClCompile Include="engine\effect\PostEffect\Vignette.cpp">
      <Filter>effect\PostEffect</Filter>
    </ClCompile>
    <ClCompile Include="engine\effect\PostEffect\WhiteNoise.cpp">
      <Filter>effect\PostEffect</Filter>
    </ClCompile>
    <ClCompile Include="engine\debug\DebugCamera.cpp">
      <Filter>debug</Filter>
    </ClCompile>
    <ClCompile Include="engine\3d\Model\BoneTracker.cpp">
      <Filter>3d\Model</Filter>
    </ClCompile>
    <ClCompile Include="engine\io\GlobalVariables.cpp">
      <Filter>io</Filter>
    </ClCompile>
    <ClCompile Include="engine\3d\Decal\Decal.cpp">
      <Filter>3d\Decal</Filter>
    </ClCompile>
    <ClCompile Include="engine\3d\Decal\DecalManager.cpp">
      <Filter>3d\Decal</Filter>
    </ClCompile>
  </ItemGroup>
  <ItemGroup>
    <ClInclude Include="engine\math\Matrix4x4.h">
      <Filter>math</Filter>
    </ClInclude>
    <ClInclude Include="engine\math\Vector4.h">
      <Filter>math</Filter>
    </ClInclude>
    <ClInclude Include="engine\math\Vector3.h">
      <Filter>math</Filter>
    </ClInclude>
    <ClInclude Include="engine\math\Vector2.h">
      <Filter>math</Filter>
    </ClInclude>
    <ClInclude Include="engine\math\Matrix3x3.h">
      <Filter>math</Filter>
    </ClInclude>
    <ClInclude Include="engine\math\Quaternion.h">
      <Filter>math</Filter>
    </ClInclude>
    <ClInclude Include="engine\math\Transform.h">
      <Filter>math</Filter>
    </ClInclude>
    <ClInclude Include="engine\math\AABB.h">
      <Filter>math</Filter>
    </ClInclude>
    <ClInclude Include="engine\2d\TextureManager.h">
      <Filter>2d</Filter>
    </ClInclude>
    <ClInclude Include="engine\2d\Draw2D.h">
      <Filter>2d</Filter>
    </ClInclude>
    <ClInclude Include="engine\2d\Sprite.h">
      <Filter>2d</Filter>
    </ClInclude>
    <ClInclude Include="engine\2d\SpriteBasic.h">
      <Filter>2d</Filter>
    </ClInclude>
    <ClInclude Include="engine\audio\Audio.h">
      <Filter>audio</Filter>
    </ClInclude>
    <ClInclude Include="engine\base\IWndProcHandler.h">
      <Filter>base</Filter>
    </ClInclude>
    <ClInclude Include="engine\base\TakoFramework.h">
      <Filter>base</Filter>
    </ClInclude>
    <ClInclude Include="engine\base\WinApp.h">
      <Filter>base</Filter>
    </ClInclude>
    <ClInclude Include="engine\base\DX12\D3DResourceLeakChecker.h">
      <Filter>base\DX12</Filter>
    </ClInclude>
    <ClInclude Include="engine\base\DX12\DX12Basic.h">
      <Filter>base\DX12</Filter>
    </ClInclude>
    <ClInclude Include="engine\base\DX12\SrvManager.h">
      <Filter>base\DX12</Filter>
    </ClInclude>
    <ClInclude Include="engine\func\commonFunc\Logger.h">
      <Filter>func\commonFunc</Filter>
    </ClInclude>
    <ClInclude Include="engine\func\commonFunc\StringUtility.h">
      <Filter>func\commonFunc</Filter>
    </ClInclude>
    <ClInclude Include="engine\func\mathFunc\Vec3Func.h">
      <Filter>func\MathFunc</Filter>
    </ClInclude>
    <ClInclude Include="engine\func\mathFunc\Mat4x4Func.h">
      <Filter>func\MathFunc</Filter>
    </ClInclude>
    <ClInclude Include="engine\func\mathFunc\QuatFunc.h">
      <Filter>func\MathFunc</Filter>
    </ClInclude>
    <ClInclude Include="engine\imgui\ImGuiManager.h">
      <Filter>imgui</Filter>
    </ClInclude>
    <ClInclude Include="engine\io\Input.h">
      <Filter>io</Filter>
    </ClInclude>
    <ClInclude Include="engine\scene\AbstractSceneFactory.h">
      <Filter>scene</Filter>
    </ClInclude>
    <ClInclude Include="engine\scene\BaseScene.h">
      <Filter>scene</Filter>
    </ClInclude>
    <ClInclude Include="engine\scene\SceneManager.h">
      <Filter>scene</Filter>
    </ClInclude>
    <ClInclude Include="engine\time\FrameTimer.h">
      <Filter>time</Filter>
    </ClInclude>
    <ClInclude Include="engine\io\SceneLoader.h">
      <Filter>io</Filter>
    </ClInclude>
    <ClInclude Include="engine\collision\AABBCollider.h">
      <Filter>collision</Filter>
    </ClInclude>
    <ClInclude Include="engine\collision\Collider.h">
      <Filter>collision</Filter>
    </ClInclude>
    <ClInclude Include="engine\collision\CollisionManager.h">
      <Filter>collision</Filter>
    </ClInclude>
    <ClInclude Include="engine\collision\SphereCollider.h">
      <Filter>collision</Filter>
    </ClInclude>
    <ClInclude Include="engine\math\OBB.h">
      <Filter>math</Filter>
    </ClInclude>
    <ClInclude Include="engine\collision\OBBCollider.h">
      <Filter>collision</Filter>
    </ClInclude>
    <ClInclude Include="engine\debug\DebugUIManager.h">
      <Filter>debug</Filter>
    </ClInclude>
    <ClInclude Include="engine\scene\transition\ScaleTransition.h">
      <Filter>scene\transition</Filter>
    </ClInclude>
    <ClInclude Include="engine\scene\transition\FadeTransition.h">
      <Filter>scene\transition</Filter>
    </ClInclude>
    <ClInclude Include="engine\scene\transition\ITransitionEffect.h">
      <Filter>scene\transition</Filter>
    </ClInclude>
    <ClInclude Include="engine\scene\TransitionManager.h">
      <Filter>scene\transition</Filter>
    </ClInclude>
    <ClInclude Include="engine\math\RandomEngine.h">
      <Filter>math</Filter>
    </ClInclude>
    <ClInclude Include="engine\3d\Camera\Camera.h">
      <Filter>3d\Camera</Filter>
    </ClInclude>
    <ClInclude Include="engine\3d\Object\InstancedObject3d.h">
      <Filter>3d\Object</Filter>
    </ClInclude>
    <ClInclude Include="engine\3d\Object\Object3d.h">
      <Filter>3d\Object</Filter>
    </ClInclude>
    <ClInclude Include="engine\3d\Object\Object3dBasic.h">
      <Filter>3d\Object</Filter>
    </ClInclude>
    <ClInclude Include="engine\3d\Model\Mesh.h">
      <Filter>3d\Model</Filter>
    </ClInclude>
    <ClInclude Include="engine\3d\Model\Model.h">
      <Filter>3d\Model</Filter>
    </ClInclude>
    <ClInclude Include="engine\3d\Model\ModelBasic.h">
      <Filter>3d\Model</Filter>
    </ClInclude>
    <ClInclude Include="engine\3d\Model\ModelManager.h">
      <Filter>3d\Model</Filter>
    </ClInclude>
    <ClInclude Include="engine\3d\Model\ModelStruct.h">
      <Filter>3d\Model</Filter>
    </ClInclude>
    <ClInclude Include="engine\3d\Shadow\ShadowRenderer.h">
      <Filter>3d\Shadow</Filter>
    </ClInclude>
    <ClInclude Include="engine\3d\Shadow\ShadowMap.h">
      <Filter>3d\Shadow</Filter>
    </ClInclude>
    <ClInclude Include="engine\3d\Light\Light.h">
      <Filter>3d\Light</Filter>
    </ClInclude>
    <ClInclude Include="engine\3d\SkyBox\SkyBox.h">
      <Filter>3d\SkyBox</Filter>
    </ClInclude>
    <ClInclude Include="engine\effect\Particle\BoxEmitter.h">
      <Filter>effect\Particle\Emitter</Filter>
    </ClInclude>
    <ClInclude Include="engine\effect\Particle\EmitterManager.h">
      <Filter>effect\Particle\Emitter</Filter>
    </ClInclude>
    <ClInclude Include="engine\effect\Particle\EmitterStruct.h">
      <Filter>effect\Particle\Emitter</Filter>
    </ClInclude>
    <ClInclude Include="engine\effect\Particle\GPUParticleEmitter.h">
      <Filter>effect\Particle\Emitter</Filter>
    </ClInclude>
    <ClInclude Include="engine\effect\Particle\SphereEmitter.h">
      <Filter>effect\Particle\Emitter</Filter>
    </ClInclude>
    <ClInclude Include="engine\effect\Particle\TriangleEmitter.h">
      <Filter>effect\Particle\Emitter</Filter>
    </ClInclude>
    <ClInclude Include="engine\effect\Particle\GPUParticle.h">
      <Filter>effect\Particle</Filter>
    </ClInclude>
    <ClInclude Include="engine\effect\Particle\ParticleStruct.h">
      <Filter>effect\Particle</Filter>
    </ClInclude>
    <ClInclude Include="engine\effect\PostEffect\Bloom.h">
      <Filter>effect\PostEffect</Filter>
    </ClInclude>
    <ClInclude Include="engine\effect\PostEffect\BWFilter.h">
      <Filter>effect\PostEffect</Filter>
    </ClInclude>
    <ClInclude Include="engine\effect\PostEffect\DepthBasedOutline.h">
      <Filter>effect\PostEffect</Filter>
    </ClInclude>
    <ClInclude Include="engine\effect\PostEffect\Dissolve.h">
      <Filter>effect\PostEffect</Filter>
    </ClInclude>
    <ClInclude Include="engine\effect\PostEffect\Fog.h">
      <Filter>effect\PostEffect</Filter>
    </ClInclude>
    <ClInclude Include="engine\effect\PostEffect\GaussianBlur.h">
      <Filter>effect\PostEffect</Filter>
    </ClInclude>
    <ClInclude Include="engine\effect\PostEffect\GrayScale.h">
      <Filter>effect\PostEffect</Filter>
    </ClInclude>
    <ClInclude Include="engine\effect\PostEffect\HalfTone.h">
      <Filter>effect\PostEffect</Filter>
    </ClInclude>
    <ClInclude Include="engine\effect\PostEffect\IPostEffect.h">
      <Filter>effect\PostEffect</Filter>
    </ClInclude>
    <ClInclude Include="engine\effect\PostEffect\LuminanceBasedOutline.h">
      <Filter>effect\PostEffect</Filter>
    </ClInclude>
    <ClInclude Include="engine\effect\PostEffect\NoEffect.h">
      <Filter>effect\PostEffect</Filter>
    </ClInclude>
    <ClInclude Include="engine\effect\PostEffect\PostEffectManager.h">
      <Filter>effect\PostEffect</Filter>
    </ClInclude>
    <ClInclude Include="engine\effect\PostEffect\PostEffectStruct.h">
      <Filter>effect\PostEffect</Filter>
    </ClInclude>
    <ClInclude Include="engine\effect\PostEffect\RadialBlur.h">
      <Filter>effect\PostEffect</Filter>
    </ClInclude>
    <ClInclude Include="engine\effect\PostEffect\RGBSplit.h">
      <Filter>effect\PostEffect</Filter>
    </ClInclude>
    <ClInclude Include="engine\effect\PostEffect\Vignette.h">
      <Filter>effect\PostEffect</Filter>
    </ClInclude>
    <ClInclude Include="engine\effect\PostEffect\WhiteNoise.h">
      <Filter>effect\PostEffect</Filter>
    </ClInclude>
    <ClInclude Include="engine\debug\DebugCamera.h">
      <Filter>debug</Filter>
    </ClInclude>
    <ClInclude Include="engine\3d\Model\BoneTracker.h">
      <Filter>3d\Model</Filter>
    </ClInclude>
    <ClInclude Include="engine\io\GlobalVariables.h">
      <Filter>io</Filter>
    </ClInclude>
    <ClInclude Include="engine\3d\Decal\Decal.h">
      <Filter>3d\Decal</Filter>
    </ClInclude>
    <ClInclude Include="engine\3d\Decal\DecalManager.h">
      <Filter>3d\Decal</Filter>
    </ClInclude>
    <ClInclude Include="engine\base\EnginePaths.h">
      <Filter>base</Filter>
    </ClInclude>
  </ItemGroup>
</Project>